
Microsoft Visual Studio Solution File, Format Version 12.00
# Visual Studio Version 17
VisualStudioVersion = 17.2.32602.215
MinimumVisualStudioVersion = 10.0.40219.1
Project("{FAE04EC0-301F-11D3-BF4B-00C04F79EFBC}") = "Ticari_Otomasyon", "Ticari_Otomasyon\Ticari_Otomasyon.csproj", "{1298B951-A32B-42C7-8E6D-AD808A65D082}"
EndProject
Global
	GlobalSection(SolutionConfigurationPlatforms) = preSolution
		Debug|Any CPU = Debug|Any CPU
		Release|Any CPU = Release|Any CPU
	EndGlobalSection
	GlobalSection(ProjectConfigurationPlatforms) = postSolution
		{1298B951-A32B-42C7-8E6D-AD808A65D082}.Debug|Any CPU.ActiveCfg = Debug|Any CPU
		{1298B951-A32B-42C7-8E6D-AD808A65D082}.Debug|Any CPU.Build.0 = Debug|Any CPU
		{1298B951-A32B-42C7-8E6D-AD808A65D082}.Release|Any CPU.ActiveCfg = Release|Any CPU
		{1298B951-A32B-42C7-8E6D-AD808A65D082}.Release|Any CPU.Build.0 = Release|Any CPU
	EndGlobalSection
	GlobalSection(SolutionProperties) = preSolution
		HideSolutionNode = FALSE
	EndGlobalSection
	GlobalSection(ExtensibilityGlobals) = postSolution
		SolutionGuid = {631F70E9-076E-4D23-B724-D5AAA3CDD319}
	EndGlobalSection
EndGlobal
